
Microsoft Visual Studio Solution File, Format Version 12.00
# Visual Studio 14
VisualStudioVersion = 14.0.25420.1
MinimumVisualStudioVersion = 10.0.40219.1
Project("{2150E333-8FDC-42A3-9474-1A3956D46DE8}") = "src", "src", "{04B3A205-415C-4F4B-9E8F-062E092BCC02}"
EndProject
Project("{2150E333-8FDC-42A3-9474-1A3956D46DE8}") = "Solution Items", "Solution Items", "{11091FE1-6A85-4103-B2A5-AACEDFBD6DF5}"
	ProjectSection(SolutionItems) = preProject
		global.json = global.json
	EndProjectSection
EndProject
Project("{8BB2217D-0F2D-49D1-97BC-3654ED321F3B}") = "HelloWorld", "src\HelloWorld\HelloWorld.xproj", "{A63D5AF3-218C-45E6-9838-BC1E0978AB2A}"
EndProject
Global
	GlobalSection(SolutionConfigurationPlatforms) = preSolution
		Debug|Any CPU = Debug|Any CPU
		Release|Any CPU = Release|Any CPU
	EndGlobalSection
	GlobalSection(ProjectConfigurationPlatforms) = postSolution
		{A63D5AF3-218C-45E6-9838-BC1E0978AB2A}.Debug|Any CPU.ActiveCfg = Debug|Any CPU
		{A63D5AF3-218C-45E6-9838-BC1E0978AB2A}.Debug|Any CPU.Build.0 = Debug|Any CPU
		{A63D5AF3-218C-45E6-9838-BC1E0978AB2A}.Release|Any CPU.ActiveCfg = Release|Any CPU
		{A63D5AF3-218C-45E6-9838-BC1E0978AB2A}.Release|Any CPU.Build.0 = Release|Any CPU
	EndGlobalSection
	GlobalSection(SolutionProperties) = preSolution
		HideSolutionNode = FALSE
	EndGlobalSection
	GlobalSection(NestedProjects) = preSolution
		{A63D5AF3-218C-45E6-9838-BC1E0978AB2A} = {04B3A205-415C-4F4B-9E8F-062E092BCC02}
	EndGlobalSection
EndGlobal
